
Microsoft Visual Studio Solution File, Format Version 11.00
# Visual Studio 2010
Project("{8BC9CEB8-8B4A-11D0-8D11-00A0C91BC942}") = "colorWheel", "colorWheel.vcxproj", "{780D556C-65A3-4117-A79A-DE05DB1AC31D}"
EndProject
Global
	GlobalSection(SolutionConfigurationPlatforms) = preSolution
		Debug|Win32 = Debug|Win32
		Release|Win32 = Release|Win32
	EndGlobalSection
	GlobalSection(ProjectConfigurationPlatforms) = postSolution
		{780D556C-65A3-4117-A79A-DE05DB1AC31D}.Debug|Win32.ActiveCfg = Debug|Win32
		{780D556C-65A3-4117-A79A-DE05DB1AC31D}.Debug|Win32.Build.0 = Debug|Win32
		{780D556C-65A3-4117-A79A-DE05DB1AC31D}.Release|Win32.ActiveCfg = Release|Win32
		{780D556C-65A3-4117-A79A-DE05DB1AC31D}.Release|Win32.Build.0 = Release|Win32
	EndGlobalSection
	GlobalSection(SolutionProperties) = preSolution
		HideSolutionNode = FALSE
	EndGlobalSection
EndGlobal
